
Microsoft Visual Studio Solution File, Format Version 12.00
# Visual Studio Version 17
VisualStudioVersion = 17.9.34607.119
MinimumVisualStudioVersion = 10.0.40219.1
Project("{FAE04EC0-301F-11D3-BF4B-00C04F79EFBC}") = "Aplicacion", "Aplicacion.csproj", "{C0078251-B8B5-4292-9AD7-16C87C4BBD41}"
EndProject
Global
	GlobalSection(SolutionConfigurationPlatforms) = preSolution
		Debug|Any CPU = Debug|Any CPU
		Release|Any CPU = Release|Any CPU
	EndGlobalSection
	GlobalSection(ProjectConfigurationPlatforms) = postSolution
		{C0078251-B8B5-4292-9AD7-16C87C4BBD41}.Debug|Any CPU.ActiveCfg = Debug|Any CPU
		{C0078251-B8B5-4292-9AD7-16C87C4BBD41}.Debug|Any CPU.Build.0 = Debug|Any CPU
		{C0078251-B8B5-4292-9AD7-16C87C4BBD41}.Release|Any CPU.ActiveCfg = Release|Any CPU
		{C0078251-B8B5-4292-9AD7-16C87C4BBD41}.Release|Any CPU.Build.0 = Release|Any CPU
	EndGlobalSection
	GlobalSection(SolutionProperties) = preSolution
		HideSolutionNode = FALSE
	EndGlobalSection
	GlobalSection(ExtensibilityGlobals) = postSolution
		SolutionGuid = {4E8F7D3D-4C86-4B83-883B-8136986C2B06}
	EndGlobalSection
EndGlobal
